<?xml version="1.0" encoding="utf-8"?>
<Project ToolsVersion="4.0" xmlns="http://schemas.microsoft.com/developer/msbuild/2003">
  <ItemGroup>
    <Filter Include="Source Files">
      <UniqueIdentifier>{4FC737F1-C7A5-4376-A066-2A32D752A2FF}</UniqueIdentifier>
      <Extensions>cpp;c;cc;cxx;c++;cppm;ixx;def;odl;idl;hpj;bat;asm;asmx</Extensions>
    </Filter>
    <Filter Include="Header Files">
      <UniqueIdentifier>{93995380-89BD-4b04-88EB-625FBE52EBFB}</UniqueIdentifier>
      <Extensions>h;hh;hpp;hxx;h++;hm;inl;inc;ipp;xsd</Extensions>
    </Filter>
    <Filter Include="Resource Files">
      <UniqueIdentifier>{67DA6AB6-F800-4c08-8B7A-83BB121AAD01}</UniqueIdentifier>
      <Extensions>rc;ico;cur;bmp;dlg;rc2;rct;bin;rgs;gif;jpg;jpeg;jpe;resx;tiff;tif;png;wav;mfcribbon-ms</Extensions>
    </Filter>
  </ItemGroup>
  <ItemGroup>
    <ClCompile Include="main.cpp">
      <Filter>Source Files</Filter>
    </ClCompile>
    <ClCompile Include="notepad.cpp">
      <Filter>Source Files</Filter>
    </ClCompile>
    <ClCompile Include="npRenderer_gdi.cpp">
      <Filter>Source Files</Filter>
    </ClCompile>
    <ClCompile Include="npTexture_gdi.cpp">
      <Filter>Source Files</Filter>
    </ClCompile>
    <ClCompile Include="npDocument_text.cpp">
      <Filter>Source Files</Filter>
    </ClCompile>
    <ClCompile Include="npGUIContext.cpp">
      <Filter>Source Files</Filter>
    </ClCompile>
    <ClCompile Include="npPopup.cpp">
      <Filter>Source Files</Filter>
    </ClCompile>
    <ClCompile Include="npImage.cpp">
      <Filter>Source Files</Filter>
    </ClCompile>
    <ClCompile Include="npUnicodeConverter.cpp">
      <Filter>Source Files</Filter>
    </ClCompile>
    <ClCompile Include="npUnicodeString.cpp">
      <Filter>Source Files</Filter>
    </ClCompile>
    <ClCompile Include="npAssert.cpp">
      <Filter>Source Files</Filter>
    </ClCompile>
    <ClCompile Include="npWinRegistry.cpp">
      <Filter>Source Files</Filter>
    </ClCompile>
    <ClCompile Include="npDocument_binary.cpp">
      <Filter>Source Files</Filter>
    </ClCompile>
    <ClCompile Include="npDocument_text2.cpp">
      <Filter>Source Files</Filter>
    </ClCompile>
  </ItemGroup>
  <ItemGroup>
    <ClInclude Include="notepad.h">
      <Filter>Header Files</Filter>
    </ClInclude>
    <ClInclude Include="npRenderer_gdi.h">
      <Filter>Header Files</Filter>
    </ClInclude>
    <ClInclude Include="resource.h">
      <Filter>Header Files</Filter>
    </ClInclude>
    <ClInclude Include="npTexture_gdi.h">
      <Filter>Header Files</Filter>
    </ClInclude>
    <ClInclude Include="npDocument.h">
      <Filter>Header Files</Filter>
    </ClInclude>
    <ClInclude Include="npDocument_text.h">
      <Filter>Header Files</Filter>
    </ClInclude>
    <ClInclude Include="npGUIContext.h">
      <Filter>Header Files</Filter>
    </ClInclude>
    <ClInclude Include="npUnicodeConverter.h">
      <Filter>Header Files</Filter>
    </ClInclude>
    <ClInclude Include="npUnicodeString.h">
      <Filter>Header Files</Filter>
    </ClInclude>
    <ClInclude Include="npAssert.h">
      <Filter>Header Files</Filter>
    </ClInclude>
    <ClInclude Include="npBase.h">
      <Filter>Header Files</Filter>
    </ClInclude>
    <ClInclude Include="npWinRegistry.h">
      <Filter>Header Files</Filter>
    </ClInclude>
    <ClInclude Include="npDocument_binary.h">
      <Filter>Header Files</Filter>
    </ClInclude>
    <ClInclude Include="npDocument_text2.h">
      <Filter>Header Files</Filter>
    </ClInclude>
  </ItemGroup>
  <ItemGroup>
    <ResourceCompile Include="Notepad++.rc">
      <Filter>Resource Files</Filter>
    </ResourceCompile>
  </ItemGroup>
  <ItemGroup>
    <Image Include="icon1.ico">
      <Filter>Resource Files</Filter>
    </Image>
  </ItemGroup>
</Project>